
Microsoft Visual Studio Solution File, Format Version 12.00
# Visual Studio Version 17
VisualStudioVersion = 17.0.32014.148
MinimumVisualStudioVersion = 10.0.40219.1
Project("{FAE04EC0-301F-11D3-BF4B-00C04F79EFBC}") = "CRUD-Repository", "CRUD-Repository\CRUD-Repository.csproj", "{CD8113D7-E7AA-4203-AEA0-660E32063454}"
EndProject
Global
	GlobalSection(SolutionConfigurationPlatforms) = preSolution
		Debug|Any CPU = Debug|Any CPU
		Release|Any CPU = Release|Any CPU
	EndGlobalSection
	GlobalSection(ProjectConfigurationPlatforms) = postSolution
		{CD8113D7-E7AA-4203-AEA0-660E32063454}.Debug|Any CPU.ActiveCfg = Debug|Any CPU
		{CD8113D7-E7AA-4203-AEA0-660E32063454}.Debug|Any CPU.Build.0 = Debug|Any CPU
		{CD8113D7-E7AA-4203-AEA0-660E32063454}.Release|Any CPU.ActiveCfg = Release|Any CPU
		{CD8113D7-E7AA-4203-AEA0-660E32063454}.Release|Any CPU.Build.0 = Release|Any CPU
	EndGlobalSection
	GlobalSection(SolutionProperties) = preSolution
		HideSolutionNode = FALSE
	EndGlobalSection
	GlobalSection(ExtensibilityGlobals) = postSolution
		SolutionGuid = {F484C4D9-9C2C-4DE5-B034-7241CCB3D6F3}
	EndGlobalSection
EndGlobal
